
Microsoft Visual Studio Solution File, Format Version 12.00
# Visual Studio 15
VisualStudioVersion = 15.0.26124.0
MinimumVisualStudioVersion = 15.0.26124.0
Project("{FAE04EC0-301F-11D3-BF4B-00C04F79EFBC}") = "HelloWorldAPI", "HelloWorldAPI\HelloWorldAPI.csproj", "{749BF50A-9776-4DB9-A9B4-62CB952AD020}"
EndProject
Project("{FAE04EC0-301F-11D3-BF4B-00C04F79EFBC}") = "HelloWorldUI", "HelloWorldUI\HelloWorldUI.csproj", "{CC97F2C2-ED95-4B04-A8C5-F064DE0938E7}"
EndProject
Project("{FAE04EC0-301F-11D3-BF4B-00C04F79EFBC}") = "HelloWorldTests", "HelloWorldTests\HelloWorldTests.csproj", "{D9F4D22D-85CA-4D08-A1B2-856F36EDE5C2}"
EndProject
Global
	GlobalSection(SolutionConfigurationPlatforms) = preSolution
		Debug|Any CPU = Debug|Any CPU
		Debug|x64 = Debug|x64
		Debug|x86 = Debug|x86
		Release|Any CPU = Release|Any CPU
		Release|x64 = Release|x64
		Release|x86 = Release|x86
	EndGlobalSection
	GlobalSection(SolutionProperties) = preSolution
		HideSolutionNode = FALSE
	EndGlobalSection
	GlobalSection(ProjectConfigurationPlatforms) = postSolution
		{749BF50A-9776-4DB9-A9B4-62CB952AD020}.Debug|Any CPU.ActiveCfg = Debug|Any CPU
		{749BF50A-9776-4DB9-A9B4-62CB952AD020}.Debug|Any CPU.Build.0 = Debug|Any CPU
		{749BF50A-9776-4DB9-A9B4-62CB952AD020}.Debug|x64.ActiveCfg = Debug|x64
		{749BF50A-9776-4DB9-A9B4-62CB952AD020}.Debug|x64.Build.0 = Debug|x64
		{749BF50A-9776-4DB9-A9B4-62CB952AD020}.Debug|x86.ActiveCfg = Debug|x86
		{749BF50A-9776-4DB9-A9B4-62CB952AD020}.Debug|x86.Build.0 = Debug|x86
		{749BF50A-9776-4DB9-A9B4-62CB952AD020}.Release|Any CPU.ActiveCfg = Release|Any CPU
		{749BF50A-9776-4DB9-A9B4-62CB952AD020}.Release|Any CPU.Build.0 = Release|Any CPU
		{749BF50A-9776-4DB9-A9B4-62CB952AD020}.Release|x64.ActiveCfg = Release|x64
		{749BF50A-9776-4DB9-A9B4-62CB952AD020}.Release|x64.Build.0 = Release|x64
		{749BF50A-9776-4DB9-A9B4-62CB952AD020}.Release|x86.ActiveCfg = Release|x86
		{749BF50A-9776-4DB9-A9B4-62CB952AD020}.Release|x86.Build.0 = Release|x86
		{CC97F2C2-ED95-4B04-A8C5-F064DE0938E7}.Debug|Any CPU.ActiveCfg = Debug|Any CPU
		{CC97F2C2-ED95-4B04-A8C5-F064DE0938E7}.Debug|Any CPU.Build.0 = Debug|Any CPU
		{CC97F2C2-ED95-4B04-A8C5-F064DE0938E7}.Debug|x64.ActiveCfg = Debug|x64
		{CC97F2C2-ED95-4B04-A8C5-F064DE0938E7}.Debug|x64.Build.0 = Debug|x64
		{CC97F2C2-ED95-4B04-A8C5-F064DE0938E7}.Debug|x86.ActiveCfg = Debug|x86
		{CC97F2C2-ED95-4B04-A8C5-F064DE0938E7}.Debug|x86.Build.0 = Debug|x86
		{CC97F2C2-ED95-4B04-A8C5-F064DE0938E7}.Release|Any CPU.ActiveCfg = Release|Any CPU
		{CC97F2C2-ED95-4B04-A8C5-F064DE0938E7}.Release|Any CPU.Build.0 = Release|Any CPU
		{CC97F2C2-ED95-4B04-A8C5-F064DE0938E7}.Release|x64.ActiveCfg = Release|x64
		{CC97F2C2-ED95-4B04-A8C5-F064DE0938E7}.Release|x64.Build.0 = Release|x64
		{CC97F2C2-ED95-4B04-A8C5-F064DE0938E7}.Release|x86.ActiveCfg = Release|x86
		{CC97F2C2-ED95-4B04-A8C5-F064DE0938E7}.Release|x86.Build.0 = Release|x86
		{D9F4D22D-85CA-4D08-A1B2-856F36EDE5C2}.Debug|Any CPU.ActiveCfg = Debug|Any CPU
		{D9F4D22D-85CA-4D08-A1B2-856F36EDE5C2}.Debug|Any CPU.Build.0 = Debug|Any CPU
		{D9F4D22D-85CA-4D08-A1B2-856F36EDE5C2}.Debug|x64.ActiveCfg = Debug|x64
		{D9F4D22D-85CA-4D08-A1B2-856F36EDE5C2}.Debug|x64.Build.0 = Debug|x64
		{D9F4D22D-85CA-4D08-A1B2-856F36EDE5C2}.Debug|x86.ActiveCfg = Debug|x86
		{D9F4D22D-85CA-4D08-A1B2-856F36EDE5C2}.Debug|x86.Build.0 = Debug|x86
		{D9F4D22D-85CA-4D08-A1B2-856F36EDE5C2}.Release|Any CPU.ActiveCfg = Release|Any CPU
		{D9F4D22D-85CA-4D08-A1B2-856F36EDE5C2}.Release|Any CPU.Build.0 = Release|Any CPU
		{D9F4D22D-85CA-4D08-A1B2-856F36EDE5C2}.Release|x64.ActiveCfg = Release|x64
		{D9F4D22D-85CA-4D08-A1B2-856F36EDE5C2}.Release|x64.Build.0 = Release|x64
		{D9F4D22D-85CA-4D08-A1B2-856F36EDE5C2}.Release|x86.ActiveCfg = Release|x86
		{D9F4D22D-85CA-4D08-A1B2-856F36EDE5C2}.Release|x86.Build.0 = Release|x86
	EndGlobalSection
EndGlobal
